
Microsoft Visual Studio Solution File, Format Version 12.00
Project("{FAE04EC0-301F-11D3-BF4B-00C04F79EFBC}") = "Scratch", "Scratch\Scratch.csproj", "{0E3526CA-A7D0-4556-9213-4E0B6AC9F438}"
EndProject
Project("{FAE04EC0-301F-11D3-BF4B-00C04F79EFBC}") = "S4M.Timers", "S4M.Timers\S4M.Timers.csproj", "{C750CB5C-E376-4E47-BF40-65D8775C8610}"
EndProject
Project("{FAE04EC0-301F-11D3-BF4B-00C04F79EFBC}") = "S4M.Timers.Tests", "S4M.Timers.Tests\S4M.Timers.Tests.csproj", "{FCAA96A8-032A-47E0-ADE1-259F3FDB97C6}"
EndProject
Global
	GlobalSection(SolutionConfigurationPlatforms) = preSolution
		Debug|Any CPU = Debug|Any CPU
		Release|Any CPU = Release|Any CPU
	EndGlobalSection
	GlobalSection(ProjectConfigurationPlatforms) = postSolution
		{0E3526CA-A7D0-4556-9213-4E0B6AC9F438}.Debug|Any CPU.ActiveCfg = Debug|Any CPU
		{0E3526CA-A7D0-4556-9213-4E0B6AC9F438}.Debug|Any CPU.Build.0 = Debug|Any CPU
		{0E3526CA-A7D0-4556-9213-4E0B6AC9F438}.Release|Any CPU.ActiveCfg = Release|Any CPU
		{0E3526CA-A7D0-4556-9213-4E0B6AC9F438}.Release|Any CPU.Build.0 = Release|Any CPU
		{C750CB5C-E376-4E47-BF40-65D8775C8610}.Debug|Any CPU.ActiveCfg = Debug|Any CPU
		{C750CB5C-E376-4E47-BF40-65D8775C8610}.Debug|Any CPU.Build.0 = Debug|Any CPU
		{C750CB5C-E376-4E47-BF40-65D8775C8610}.Release|Any CPU.ActiveCfg = Release|Any CPU
		{C750CB5C-E376-4E47-BF40-65D8775C8610}.Release|Any CPU.Build.0 = Release|Any CPU
		{FCAA96A8-032A-47E0-ADE1-259F3FDB97C6}.Debug|Any CPU.ActiveCfg = Debug|Any CPU
		{FCAA96A8-032A-47E0-ADE1-259F3FDB97C6}.Debug|Any CPU.Build.0 = Debug|Any CPU
		{FCAA96A8-032A-47E0-ADE1-259F3FDB97C6}.Release|Any CPU.ActiveCfg = Release|Any CPU
		{FCAA96A8-032A-47E0-ADE1-259F3FDB97C6}.Release|Any CPU.Build.0 = Release|Any CPU
	EndGlobalSection
EndGlobal
